
Microsoft Visual Studio Solution File, Format Version 12.00
# Visual Studio Version 17
VisualStudioVersion = 17.5.2.0
MinimumVisualStudioVersion = 10.0.40219.1
Project("{2150E333-8FDC-42A3-9474-1A3956D46DE8}") = "src", "src", "{827E0CD3-B72D-47B6-A68D-7590B98EB39B}"
EndProject
Project("{FAE04EC0-301F-11D3-BF4B-00C04F79EFBC}") = "Api", "src\Api\Api.csproj", "{CBAFC0F9-5B69-AE5B-776E-B650E010DF04}"
EndProject
Project("{FAE04EC0-301F-11D3-BF4B-00C04F79EFBC}") = "Domain", "src\Domain\Domain.csproj", "{87EDA1D2-4B5B-E524-38CE-D0BFCA5F4D6B}"
EndProject
Project("{FAE04EC0-301F-11D3-BF4B-00C04F79EFBC}") = "Infrastructure", "src\Infrastructure\Infrastructure.csproj", "{2465A4FF-1529-4553-A4F9-3AA0C69E4DC5}"
EndProject
Project("{FAE04EC0-301F-11D3-BF4B-00C04F79EFBC}") = "Application", "src\Application\Application.csproj", "{C6AB1CBC-0309-470D-8B1C-F7232EAD5ADA}"
EndProject
Project("{FAE04EC0-301F-11D3-BF4B-00C04F79EFBC}") = "Functions", "src\Functions\Functions.csproj", "{706CA41E-9E4A-4228-88F1-DF3F2CA8E2D0}"
EndProject
Global
	GlobalSection(SolutionConfigurationPlatforms) = preSolution
		Debug|Any CPU = Debug|Any CPU
		Debug|x64 = Debug|x64
		Debug|x86 = Debug|x86
		Release|Any CPU = Release|Any CPU
		Release|x64 = Release|x64
		Release|x86 = Release|x86
	EndGlobalSection
	GlobalSection(ProjectConfigurationPlatforms) = postSolution
		{CBAFC0F9-5B69-AE5B-776E-B650E010DF04}.Debug|Any CPU.ActiveCfg = Debug|Any CPU
		{CBAFC0F9-5B69-AE5B-776E-B650E010DF04}.Debug|Any CPU.Build.0 = Debug|Any CPU
		{CBAFC0F9-5B69-AE5B-776E-B650E010DF04}.Debug|x64.ActiveCfg = Debug|Any CPU
		{CBAFC0F9-5B69-AE5B-776E-B650E010DF04}.Debug|x64.Build.0 = Debug|Any CPU
		{CBAFC0F9-5B69-AE5B-776E-B650E010DF04}.Debug|x86.ActiveCfg = Debug|Any CPU
		{CBAFC0F9-5B69-AE5B-776E-B650E010DF04}.Debug|x86.Build.0 = Debug|Any CPU
		{CBAFC0F9-5B69-AE5B-776E-B650E010DF04}.Release|Any CPU.ActiveCfg = Release|Any CPU
		{CBAFC0F9-5B69-AE5B-776E-B650E010DF04}.Release|Any CPU.Build.0 = Release|Any CPU
		{CBAFC0F9-5B69-AE5B-776E-B650E010DF04}.Release|x64.ActiveCfg = Release|Any CPU
		{CBAFC0F9-5B69-AE5B-776E-B650E010DF04}.Release|x64.Build.0 = Release|Any CPU
		{CBAFC0F9-5B69-AE5B-776E-B650E010DF04}.Release|x86.ActiveCfg = Release|Any CPU
		{CBAFC0F9-5B69-AE5B-776E-B650E010DF04}.Release|x86.Build.0 = Release|Any CPU
		{87EDA1D2-4B5B-E524-38CE-D0BFCA5F4D6B}.Debug|Any CPU.ActiveCfg = Debug|Any CPU
		{87EDA1D2-4B5B-E524-38CE-D0BFCA5F4D6B}.Debug|Any CPU.Build.0 = Debug|Any CPU
		{87EDA1D2-4B5B-E524-38CE-D0BFCA5F4D6B}.Debug|x64.ActiveCfg = Debug|Any CPU
		{87EDA1D2-4B5B-E524-38CE-D0BFCA5F4D6B}.Debug|x64.Build.0 = Debug|Any CPU
		{87EDA1D2-4B5B-E524-38CE-D0BFCA5F4D6B}.Debug|x86.ActiveCfg = Debug|Any CPU
		{87EDA1D2-4B5B-E524-38CE-D0BFCA5F4D6B}.Debug|x86.Build.0 = Debug|Any CPU
		{87EDA1D2-4B5B-E524-38CE-D0BFCA5F4D6B}.Release|Any CPU.ActiveCfg = Release|Any CPU
		{87EDA1D2-4B5B-E524-38CE-D0BFCA5F4D6B}.Release|Any CPU.Build.0 = Release|Any CPU
		{87EDA1D2-4B5B-E524-38CE-D0BFCA5F4D6B}.Release|x64.ActiveCfg = Release|Any CPU
		{87EDA1D2-4B5B-E524-38CE-D0BFCA5F4D6B}.Release|x64.Build.0 = Release|Any CPU
		{87EDA1D2-4B5B-E524-38CE-D0BFCA5F4D6B}.Release|x86.ActiveCfg = Release|Any CPU
		{87EDA1D2-4B5B-E524-38CE-D0BFCA5F4D6B}.Release|x86.Build.0 = Release|Any CPU
		{2465A4FF-1529-4553-A4F9-3AA0C69E4DC5}.Debug|Any CPU.ActiveCfg = Debug|Any CPU
		{2465A4FF-1529-4553-A4F9-3AA0C69E4DC5}.Debug|Any CPU.Build.0 = Debug|Any CPU
		{2465A4FF-1529-4553-A4F9-3AA0C69E4DC5}.Debug|x64.ActiveCfg = Debug|Any CPU
		{2465A4FF-1529-4553-A4F9-3AA0C69E4DC5}.Debug|x64.Build.0 = Debug|Any CPU
		{2465A4FF-1529-4553-A4F9-3AA0C69E4DC5}.Debug|x86.ActiveCfg = Debug|Any CPU
		{2465A4FF-1529-4553-A4F9-3AA0C69E4DC5}.Debug|x86.Build.0 = Debug|Any CPU
		{2465A4FF-1529-4553-A4F9-3AA0C69E4DC5}.Release|Any CPU.ActiveCfg = Release|Any CPU
		{2465A4FF-1529-4553-A4F9-3AA0C69E4DC5}.Release|Any CPU.Build.0 = Release|Any CPU
		{2465A4FF-1529-4553-A4F9-3AA0C69E4DC5}.Release|x64.ActiveCfg = Release|Any CPU
		{2465A4FF-1529-4553-A4F9-3AA0C69E4DC5}.Release|x64.Build.0 = Release|Any CPU
		{2465A4FF-1529-4553-A4F9-3AA0C69E4DC5}.Release|x86.ActiveCfg = Release|Any CPU
		{2465A4FF-1529-4553-A4F9-3AA0C69E4DC5}.Release|x86.Build.0 = Release|Any CPU
		{C6AB1CBC-0309-470D-8B1C-F7232EAD5ADA}.Debug|Any CPU.ActiveCfg = Debug|Any CPU
		{C6AB1CBC-0309-470D-8B1C-F7232EAD5ADA}.Debug|Any CPU.Build.0 = Debug|Any CPU
		{C6AB1CBC-0309-470D-8B1C-F7232EAD5ADA}.Debug|x64.ActiveCfg = Debug|Any CPU
		{C6AB1CBC-0309-470D-8B1C-F7232EAD5ADA}.Debug|x64.Build.0 = Debug|Any CPU
		{C6AB1CBC-0309-470D-8B1C-F7232EAD5ADA}.Debug|x86.ActiveCfg = Debug|Any CPU
		{C6AB1CBC-0309-470D-8B1C-F7232EAD5ADA}.Debug|x86.Build.0 = Debug|Any CPU
		{C6AB1CBC-0309-470D-8B1C-F7232EAD5ADA}.Release|Any CPU.ActiveCfg = Release|Any CPU
		{C6AB1CBC-0309-470D-8B1C-F7232EAD5ADA}.Release|Any CPU.Build.0 = Release|Any CPU
		{C6AB1CBC-0309-470D-8B1C-F7232EAD5ADA}.Release|x64.ActiveCfg = Release|Any CPU
		{C6AB1CBC-0309-470D-8B1C-F7232EAD5ADA}.Release|x64.Build.0 = Release|Any CPU
		{C6AB1CBC-0309-470D-8B1C-F7232EAD5ADA}.Release|x86.ActiveCfg = Release|Any CPU
		{C6AB1CBC-0309-470D-8B1C-F7232EAD5ADA}.Release|x86.Build.0 = Release|Any CPU
		{706CA41E-9E4A-4228-88F1-DF3F2CA8E2D0}.Debug|Any CPU.ActiveCfg = Debug|Any CPU
		{706CA41E-9E4A-4228-88F1-DF3F2CA8E2D0}.Debug|Any CPU.Build.0 = Debug|Any CPU
		{706CA41E-9E4A-4228-88F1-DF3F2CA8E2D0}.Debug|x64.ActiveCfg = Debug|Any CPU
		{706CA41E-9E4A-4228-88F1-DF3F2CA8E2D0}.Debug|x64.Build.0 = Debug|Any CPU
		{706CA41E-9E4A-4228-88F1-DF3F2CA8E2D0}.Debug|x86.ActiveCfg = Debug|Any CPU
		{706CA41E-9E4A-4228-88F1-DF3F2CA8E2D0}.Debug|x86.Build.0 = Debug|Any CPU
		{706CA41E-9E4A-4228-88F1-DF3F2CA8E2D0}.Release|Any CPU.ActiveCfg = Release|Any CPU
		{706CA41E-9E4A-4228-88F1-DF3F2CA8E2D0}.Release|Any CPU.Build.0 = Release|Any CPU
		{706CA41E-9E4A-4228-88F1-DF3F2CA8E2D0}.Release|x64.ActiveCfg = Release|Any CPU
		{706CA41E-9E4A-4228-88F1-DF3F2CA8E2D0}.Release|x64.Build.0 = Release|Any CPU
		{706CA41E-9E4A-4228-88F1-DF3F2CA8E2D0}.Release|x86.ActiveCfg = Release|Any CPU
		{706CA41E-9E4A-4228-88F1-DF3F2CA8E2D0}.Release|x86.Build.0 = Release|Any CPU
	EndGlobalSection
	GlobalSection(SolutionProperties) = preSolution
		HideSolutionNode = FALSE
	EndGlobalSection
	GlobalSection(NestedProjects) = preSolution
		{CBAFC0F9-5B69-AE5B-776E-B650E010DF04} = {827E0CD3-B72D-47B6-A68D-7590B98EB39B}
		{87EDA1D2-4B5B-E524-38CE-D0BFCA5F4D6B} = {827E0CD3-B72D-47B6-A68D-7590B98EB39B}
		{2465A4FF-1529-4553-A4F9-3AA0C69E4DC5} = {827E0CD3-B72D-47B6-A68D-7590B98EB39B}
		{C6AB1CBC-0309-470D-8B1C-F7232EAD5ADA} = {827E0CD3-B72D-47B6-A68D-7590B98EB39B}
		{706CA41E-9E4A-4228-88F1-DF3F2CA8E2D0} = {827E0CD3-B72D-47B6-A68D-7590B98EB39B}
	EndGlobalSection
	GlobalSection(ExtensibilityGlobals) = postSolution
		SolutionGuid = {7E6A3954-1B30-4F49-BC1B-780E47C6406F}
	EndGlobalSection
EndGlobal
